// !$*UTF8*$!
{
	archiveVersion = 1;
	classes = {
	};
	objectVersion = 46;
	objects = {

/* Begin PBXBuildFile section */
		EEF55DD11428F4DC00C4D9A8 /* UIKit.framework in Frameworks */ = {isa = PBXBuildFile; fileRef = EEF55DD01428F4DC00C4D9A8 /* UIKit.framework */; };
		EEF55DD31428F4DC00C4D9A8 /* Foundation.framework in Frameworks */ = {isa = PBXBuildFile; fileRef = EEF55DD21428F4DC00C4D9A8 /* Foundation.framework */; };
		EEF55DD51428F4DC00C4D9A8 /* CoreGraphics.framework in Frameworks */ = {isa = PBXBuildFile; fileRef = EEF55DD41428F4DC00C4D9A8 /* CoreGraphics.framework */; };
		EEF55DDB1428F4DC00C4D9A8 /* InfoPlist.strings in Resources */ = {isa = PBXBuildFile; fileRef = EEF55DD91428F4DC00C4D9A8 /* InfoPlist.strings */; };
		EEF55DDE1428F4DC00C4D9A8 /* main.m in Sources */ = {isa = PBXBuildFile; fileRef = EEF55DDD1428F4DC00C4D9A8 /* main.m */; };
		EEF55DE11428F4DC00C4D9A8 /* AUIAnimatedTextAppDelegate.m in Sources */ = {isa = PBXBuildFile; fileRef = EEF55DE01428F4DC00C4D9A8 /* AUIAnimatedTextAppDelegate.m */; };
		EEF55DE51428F4DC00C4D9A8 /* AUIAnimatedTextAppDelegate_iPhone.m in Sources */ = {isa = PBXBuildFile; fileRef = EEF55DE41428F4DC00C4D9A8 /* AUIAnimatedTextAppDelegate_iPhone.m */; };
		EEF55DE81428F4DC00C4D9A8 /* MainWindow_iPhone.xib in Resources */ = {isa = PBXBuildFile; fileRef = EEF55DE61428F4DC00C4D9A8 /* MainWindow_iPhone.xib */; };
		EEF55DEC1428F4DC00C4D9A8 /* AUIAnimatedTextAppDelegate_iPad.m in Sources */ = {isa = PBXBuildFile; fileRef = EEF55DEB1428F4DC00C4D9A8 /* AUIAnimatedTextAppDelegate_iPad.m */; };
		EEF55DEF1428F4DC00C4D9A8 /* MainWindow_iPad.xib in Resources */ = {isa = PBXBuildFile; fileRef = EEF55DED1428F4DC00C4D9A8 /* MainWindow_iPad.xib */; };
		EEF55DF61428F4DC00C4D9A8 /* UIKit.framework in Frameworks */ = {isa = PBXBuildFile; fileRef = EEF55DD01428F4DC00C4D9A8 /* UIKit.framework */; };
		EEF55DF71428F4DC00C4D9A8 /* Foundation.framework in Frameworks */ = {isa = PBXBuildFile; fileRef = EEF55DD21428F4DC00C4D9A8 /* Foundation.framework */; };
		EEF55DF81428F4DC00C4D9A8 /* CoreGraphics.framework in Frameworks */ = {isa = PBXBuildFile; fileRef = EEF55DD41428F4DC00C4D9A8 /* CoreGraphics.framework */; };
		EEF55E001428F4DC00C4D9A8 /* InfoPlist.strings in Resources */ = {isa = PBXBuildFile; fileRef = EEF55DFE1428F4DC00C4D9A8 /* InfoPlist.strings */; };
		EEF55E031428F4DC00C4D9A8 /* AUIAnimatedTextTests.h in Resources */ = {isa = PBXBuildFile; fileRef = EEF55E021428F4DC00C4D9A8 /* AUIAnimatedTextTests.h */; };
		EEF55E051428F4DC00C4D9A8 /* AUIAnimatedTextTests.m in Sources */ = {isa = PBXBuildFile; fileRef = EEF55E041428F4DC00C4D9A8 /* AUIAnimatedTextTests.m */; };
/* End PBXBuildFile section */

/* Begin PBXContainerItemProxy section */
		EEF55DF91428F4DC00C4D9A8 /* PBXContainerItemProxy */ = {
			isa = PBXContainerItemProxy;
			containerPortal = EEF55DC31428F4DC00C4D9A8 /* Project object */;
			proxyType = 1;
			remoteGlobalIDString = EEF55DCB1428F4DC00C4D9A8;
			remoteInfo = AUIAnimatedText;
		};
/* End PBXContainerItemProxy section */

/* Begin PBXFileReference section */
		EEF55DCC1428F4DC00C4D9A8 /* AUIAnimatedText.app */ = {isa = PBXFileReference; explicitFileType = wrapper.application; includeInIndex = 0; path = AUIAnimatedText.app; sourceTree = BUILT_PRODUCTS_DIR; };
		EEF55DD01428F4DC00C4D9A8 /* UIKit.framework */ = {isa = PBXFileReference; lastKnownFileType = wrapper.framework; name = UIKit.framework; path = System/Library/Frameworks/UIKit.framework; sourceTree = SDKROOT; };
		EEF55DD21428F4DC00C4D9A8 /* Foundation.framework */ = {isa = PBXFileReference; lastKnownFileType = wrapper.framework; name = Foundation.framework; path = System/Library/Frameworks/Foundation.framework; sourceTree = SDKROOT; };
		EEF55DD41428F4DC00C4D9A8 /* CoreGraphics.framework */ = {isa = PBXFileReference; lastKnownFileType = wrapper.framework; name = CoreGraphics.framework; path = System/Library/Frameworks/CoreGraphics.framework; sourceTree = SDKROOT; };
		EEF55DD81428F4DC00C4D9A8 /* AUIAnimatedText-Info.plist */ = {isa = PBXFileReference; lastKnownFileType = text.plist.xml; path = "AUIAnimatedText-Info.plist"; sourceTree = "<group>"; };
		EEF55DDA1428F4DC00C4D9A8 /* en */ = {isa = PBXFileReference; lastKnownFileType = text.plist.strings; name = en; path = en.lproj/InfoPlist.strings; sourceTree = "<group>"; };
		EEF55DDC1428F4DC00C4D9A8 /* AUIAnimatedText-Prefix.pch */ = {isa = PBXFileReference; lastKnownFileType = sourcecode.c.h; path = "AUIAnimatedText-Prefix.pch"; sourceTree = "<group>"; };
		EEF55DDD1428F4DC00C4D9A8 /* main.m */ = {isa = PBXFileReference; lastKnownFileType = sourcecode.c.objc; path = main.m; sourceTree = "<group>"; };
		EEF55DDF1428F4DC00C4D9A8 /* AUIAnimatedTextAppDelegate.h */ = {isa = PBXFileReference; lastKnownFileType = sourcecode.c.h; path = AUIAnimatedTextAppDelegate.h; sourceTree = "<group>"; };
		EEF55DE01428F4DC00C4D9A8 /* AUIAnimatedTextAppDelegate.m */ = {isa = PBXFileReference; lastKnownFileType = sourcecode.c.objc; path = AUIAnimatedTextAppDelegate.m; sourceTree = "<group>"; };
		EEF55DE31428F4DC00C4D9A8 /* AUIAnimatedTextAppDelegate_iPhone.h */ = {isa = PBXFileReference; lastKnownFileType = sourcecode.c.h; name = AUIAnimatedTextAppDelegate_iPhone.h; path = iPhone/AUIAnimatedTextAppDelegate_iPhone.h; sourceTree = "<group>"; };
		EEF55DE41428F4DC00C4D9A8 /* AUIAnimatedTextAppDelegate_iPhone.m */ = {isa = PBXFileReference; lastKnownFileType = sourcecode.c.objc; name = AUIAnimatedTextAppDelegate_iPhone.m; path = iPhone/AUIAnimatedTextAppDelegate_iPhone.m; sourceTree = "<group>"; };
		EEF55DE71428F4DC00C4D9A8 /* en */ = {isa = PBXFileReference; lastKnownFileType = file.xib; name = en; path = iPhone/en.lproj/MainWindow_iPhone.xib; sourceTree = "<group>"; };
		EEF55DEA1428F4DC00C4D9A8 /* AUIAnimatedTextAppDelegate_iPad.h */ = {isa = PBXFileReference; lastKnownFileType = sourcecode.c.h; name = AUIAnimatedTextAppDelegate_iPad.h; path = iPad/AUIAnimatedTextAppDelegate_iPad.h; sourceTree = "<group>"; };
		EEF55DEB1428F4DC00C4D9A8 /* AUIAnimatedTextAppDelegate_iPad.m */ = {isa = PBXFileReference; lastKnownFileType = sourcecode.c.objc; name = AUIAnimatedTextAppDelegate_iPad.m; path = iPad/AUIAnimatedTextAppDelegate_iPad.m; sourceTree = "<group>"; };
		EEF55DEE1428F4DC00C4D9A8 /* en */ = {isa = PBXFileReference; lastKnownFileType = file.xib; name = en; path = iPad/en.lproj/MainWindow_iPad.xib; sourceTree = "<group>"; };
		EEF55DF51428F4DC00C4D9A8 /* AUIAnimatedTextTests.octest */ = {isa = PBXFileReference; explicitFileType = wrapper.cfbundle; includeInIndex = 0; path = AUIAnimatedTextTests.octest; sourceTree = BUILT_PRODUCTS_DIR; };
		EEF55DFD1428F4DC00C4D9A8 /* AUIAnimatedTextTests-Info.plist */ = {isa = PBXFileReference; lastKnownFileType = text.plist.xml; path = "AUIAnimatedTextTests-Info.plist"; sourceTree = "<group>"; };
		EEF55DFF1428F4DC00C4D9A8 /* en */ = {isa = PBXFileReference; lastKnownFileType = text.plist.strings; name = en; path = en.lproj/InfoPlist.strings; sourceTree = "<group>"; };
		EEF55E011428F4DC00C4D9A8 /* AUIAnimatedTextTests-Prefix.pch */ = {isa = PBXFileReference; lastKnownFileType = sourcecode.c.h; path = "AUIAnimatedTextTests-Prefix.pch"; sourceTree = "<group>"; };
		EEF55E021428F4DC00C4D9A8 /* AUIAnimatedTextTests.h */ = {isa = PBXFileReference; lastKnownFileType = sourcecode.c.h; path = AUIAnimatedTextTests.h; sourceTree = "<group>"; };
		EEF55E041428F4DC00C4D9A8 /* AUIAnimatedTextTests.m */ = {isa = PBXFileReference; lastKnownFileType = sourcecode.c.objc; path = AUIAnimatedTextTests.m; sourceTree = "<group>"; };
/* End PBXFileReference section */

/* Begin PBXFrameworksBuildPhase section */
		EEF55DC91428F4DC00C4D9A8 /* Frameworks */ = {
			isa = PBXFrameworksBuildPhase;
			buildActionMask = 2147483647;
			files = (
				EEF55DD11428F4DC00C4D9A8 /* UIKit.framework in Frameworks */,
				EEF55DD31428F4DC00C4D9A8 /* Foundation.framework in Frameworks */,
				EEF55DD51428F4DC00C4D9A8 /* CoreGraphics.framework in Frameworks */,
			);
			runOnlyForDeploymentPostprocessing = 0;
		};
		EEF55DF11428F4DC00C4D9A8 /* Frameworks */ = {
			isa = PBXFrameworksBuildPhase;
			buildActionMask = 2147483647;
			files = (
				EEF55DF61428F4DC00C4D9A8 /* UIKit.framework in Frameworks */,
				EEF55DF71428F4DC00C4D9A8 /* Foundation.framework in Frameworks */,
				EEF55DF81428F4DC00C4D9A8 /* CoreGraphics.framework in Frameworks */,
			);
			runOnlyForDeploymentPostprocessing = 0;
		};
/* End PBXFrameworksBuildPhase section */

/* Begin PBXGroup section */
		EEF55DC11428F4DC00C4D9A8 = {
			isa = PBXGroup;
			children = (
				EEF55DD61428F4DC00C4D9A8 /* AUIAnimatedText */,
				EEF55DFB1428F4DC00C4D9A8 /* AUIAnimatedTextTests */,
				EEF55DCF1428F4DC00C4D9A8 /* Frameworks */,
				EEF55DCD1428F4DC00C4D9A8 /* Products */,
			);
			sourceTree = "<group>";
		};
		EEF55DCD1428F4DC00C4D9A8 /* Products */ = {
			isa = PBXGroup;
			children = (
				EEF55DCC1428F4DC00C4D9A8 /* AUIAnimatedText.app */,
				EEF55DF51428F4DC00C4D9A8 /* AUIAnimatedTextTests.octest */,
			);
			name = Products;
			sourceTree = "<group>";
		};
		EEF55DCF1428F4DC00C4D9A8 /* Frameworks */ = {
			isa = PBXGroup;
			children = (
				EEF55DD01428F4DC00C4D9A8 /* UIKit.framework */,
				EEF55DD21428F4DC00C4D9A8 /* Foundation.framework */,
				EEF55DD41428F4DC00C4D9A8 /* CoreGraphics.framework */,
			);
			name = Frameworks;
			sourceTree = "<group>";
		};
		EEF55DD61428F4DC00C4D9A8 /* AUIAnimatedText */ = {
			isa = PBXGroup;
			children = (
				EEF55DDF1428F4DC00C4D9A8 /* AUIAnimatedTextAppDelegate.h */,
				EEF55DE01428F4DC00C4D9A8 /* AUIAnimatedTextAppDelegate.m */,
				EEF55DE21428F4DC00C4D9A8 /* iPhone */,
				EEF55DE91428F4DC00C4D9A8 /* iPad */,
				EEF55DD71428F4DC00C4D9A8 /* Supporting Files */,
			);
			path = AUIAnimatedText;
			sourceTree = "<group>";
		};
		EEF55DD71428F4DC00C4D9A8 /* Supporting Files */ = {
			isa = PBXGroup;
			children = (
				EEF55DD81428F4DC00C4D9A8 /* AUIAnimatedText-Info.plist */,
				EEF55DD91428F4DC00C4D9A8 /* InfoPlist.strings */,
				EEF55DDC1428F4DC00C4D9A8 /* AUIAnimatedText-Prefix.pch */,
				EEF55DDD1428F4DC00C4D9A8 /* main.m */,
			);
			name = "Supporting Files";
			sourceTree = "<group>";
		};
		EEF55DE21428F4DC00C4D9A8 /* iPhone */ = {
			isa = PBXGroup;
			children = (
				EEF55DE31428F4DC00C4D9A8 /* AUIAnimatedTextAppDelegate_iPhone.h */,
				EEF55DE41428F4DC00C4D9A8 /* AUIAnimatedTextAppDelegate_iPhone.m */,
				EEF55DE61428F4DC00C4D9A8 /* MainWindow_iPhone.xib */,
			);
			name = iPhone;
			sourceTree = "<group>";
		};
		EEF55DE91428F4DC00C4D9A8 /* iPad */ = {
			isa = PBXGroup;
			children = (
				EEF55DEA1428F4DC00C4D9A8 /* AUIAnimatedTextAppDelegate_iPad.h */,
				EEF55DEB1428F4DC00C4D9A8 /* AUIAnimatedTextAppDelegate_iPad.m */,
				EEF55DED1428F4DC00C4D9A8 /* MainWindow_iPad.xib */,
			);
			name = iPad;
			sourceTree = "<group>";
		};
		EEF55DFB1428F4DC00C4D9A8 /* AUIAnimatedTextTests */ = {
			isa = PBXGroup;
			children = (
				EEF55E021428F4DC00C4D9A8 /* AUIAnimatedTextTests.h */,
				EEF55E041428F4DC00C4D9A8 /* AUIAnimatedTextTests.m */,
				EEF55DFC1428F4DC00C4D9A8 /* Supporting Files */,
			);
			path = AUIAnimatedTextTests;
			sourceTree = "<group>";
		};
		EEF55DFC1428F4DC00C4D9A8 /* Supporting Files */ = {
			isa = PBXGroup;
			children = (
				EEF55DFD1428F4DC00C4D9A8 /* AUIAnimatedTextTests-Info.plist */,
				EEF55DFE1428F4DC00C4D9A8 /* InfoPlist.strings */,
				EEF55E011428F4DC00C4D9A8 /* AUIAnimatedTextTests-Prefix.pch */,
			);
			name = "Supporting Files";
			sourceTree = "<group>";
		};
/* End PBXGroup section */

/* Begin PBXNativeTarget section */
		EEF55DCB1428F4DC00C4D9A8 /* AUIAnimatedText */ = {
			isa = PBXNativeTarget;
			buildConfigurationList = EEF55E081428F4DC00C4D9A8 /* Build configuration list for PBXNativeTarget "AUIAnimatedText" */;
			buildPhases = (
				EEF55DC81428F4DC00C4D9A8 /* Sources */,
				EEF55DC91428F4DC00C4D9A8 /* Frameworks */,
				EEF55DCA1428F4DC00C4D9A8 /* Resources */,
			);
			buildRules = (
			);
			dependencies = (
			);
			name = AUIAnimatedText;
			productName = AUIAnimatedText;
			productReference = EEF55DCC1428F4DC00C4D9A8 /* AUIAnimatedText.app */;
			productType = "com.apple.product-type.application";
		};
		EEF55DF41428F4DC00C4D9A8 /* AUIAnimatedTextTests */ = {
			isa = PBXNativeTarget;
			buildConfigurationList = EEF55E0B1428F4DC00C4D9A8 /* Build configuration list for PBXNativeTarget "AUIAnimatedTextTests" */;
			buildPhases = (
				EEF55DF01428F4DC00C4D9A8 /* Sources */,
				EEF55DF11428F4DC00C4D9A8 /* Frameworks */,
				EEF55DF21428F4DC00C4D9A8 /* Resources */,
				EEF55DF31428F4DC00C4D9A8 /* ShellScript */,
			);
			buildRules = (
			);
			dependencies = (
				EEF55DFA1428F4DC00C4D9A8 /* PBXTargetDependency */,
			);
			name = AUIAnimatedTextTests;
			productName = AUIAnimatedTextTests;
			productReference = EEF55DF51428F4DC00C4D9A8 /* AUIAnimatedTextTests.octest */;
			productType = "com.apple.product-type.bundle";
		};
/* End PBXNativeTarget section */

/* Begin PBXProject section */
		EEF55DC31428F4DC00C4D9A8 /* Project object */ = {
			isa = PBXProject;
			attributes = {
				ORGANIZATIONNAME = Any.do;
			};
			buildConfigurationList = EEF55DC61428F4DC00C4D9A8 /* Build configuration list for PBXProject "AUIAnimatedText" */;
			compatibilityVersion = "Xcode 3.2";
			developmentRegion = English;
			hasScannedForEncodings = 0;
			knownRegions = (
				en,
			);
			mainGroup = EEF55DC11428F4DC00C4D9A8;
			productRefGroup = EEF55DCD1428F4DC00C4D9A8 /* Products */;
			projectDirPath = "";
			projectRoot = "";
			targets = (
				EEF55DCB1428F4DC00C4D9A8 /* AUIAnimatedText */,
				EEF55DF41428F4DC00C4D9A8 /* AUIAnimatedTextTests */,
			);
		};
/* End PBXProject section */

/* Begin PBXResourcesBuildPhase section */
		EEF55DCA1428F4DC00C4D9A8 /* Resources */ = {
			isa = PBXResourcesBuildPhase;
			buildActionMask = 2147483647;
			files = (
				EEF55DDB1428F4DC00C4D9A8 /* InfoPlist.strings in Resources */,
				EEF55DE81428F4DC00C4D9A8 /* MainWindow_iPhone.xib in Resources */,
				EEF55DEF1428F4DC00C4D9A8 /* MainWindow_iPad.xib in Resources */,
			);
			runOnlyForDeploymentPostprocessing = 0;
		};
		EEF55DF21428F4DC00C4D9A8 /* Resources */ = {
			isa = PBXResourcesBuildPhase;
			buildActionMask = 2147483647;
			files = (
				EEF55E001428F4DC00C4D9A8 /* InfoPlist.strings in Resources */,
				EEF55E031428F4DC00C4D9A8 /* AUIAnimatedTextTests.h in Resources */,
			);
			runOnlyForDeploymentPostprocessing = 0;
		};
/* End PBXResourcesBuildPhase section */

/* Begin PBXShellScriptBuildPhase section */
		EEF55DF31428F4DC00C4D9A8 /* ShellScript */ = {
			isa = PBXShellScriptBuildPhase;
			buildActionMask = 2147483647;
			files = (
			);
			inputPaths = (
			);
			outputPaths = (
			);
			runOnlyForDeploymentPostprocessing = 0;
			shellPath = /bin/sh;
			shellScript = "# Run the unit tests in this test bundle.\n\"${SYSTEM_DEVELOPER_DIR}/Tools/RunUnitTests\"\n";
		};
/* End PBXShellScriptBuildPhase section */

/* Begin PBXSourcesBuildPhase section */
		EEF55DC81428F4DC00C4D9A8 /* Sources */ = {
			isa = PBXSourcesBuildPhase;
			buildActionMask = 2147483647;
			files = (
				EEF55DDE1428F4DC00C4D9A8 /* main.m in Sources */,
				EEF55DE11428F4DC00C4D9A8 /* AUIAnimatedTextAppDelegate.m in Sources */,
				EEF55DE51428F4DC00C4D9A8 /* AUIAnimatedTextAppDelegate_iPhone.m in Sources */,
				EEF55DEC1428F4DC00C4D9A8 /* AUIAnimatedTextAppDelegate_iPad.m in Sources */,
			);
			runOnlyForDeploymentPostprocessing = 0;
		};
		EEF55DF01428F4DC00C4D9A8 /* Sources */ = {
			isa = PBXSourcesBuildPhase;
			buildActionMask = 2147483647;
			files = (
				EEF55E051428F4DC00C4D9A8 /* AUIAnimatedTextTests.m in Sources */,
			);
			runOnlyForDeploymentPostprocessing = 0;
		};
/* End PBXSourcesBuildPhase section */

/* Begin PBXTargetDependency section */
		EEF55DFA1428F4DC00C4D9A8 /* PBXTargetDependency */ = {
			isa = PBXTargetDependency;
			target = EEF55DCB1428F4DC00C4D9A8 /* AUIAnimatedText */;
			targetProxy = EEF55DF91428F4DC00C4D9A8 /* PBXContainerItemProxy */;
		};
/* End PBXTargetDependency section */

/* Begin PBXVariantGroup section */
		EEF55DD91428F4DC00C4D9A8 /* InfoPlist.strings */ = {
			isa = PBXVariantGroup;
			children = (
				EEF55DDA1428F4DC00C4D9A8 /* en */,
			);
			name = InfoPlist.strings;
			sourceTree = "<group>";
		};
		EEF55DE61428F4DC00C4D9A8 /* MainWindow_iPhone.xib */ = {
			isa = PBXVariantGroup;
			children = (
				EEF55DE71428F4DC00C4D9A8 /* en */,
			);
			name = MainWindow_iPhone.xib;
			sourceTree = "<group>";
		};
		EEF55DED1428F4DC00C4D9A8 /* MainWindow_iPad.xib */ = {
			isa = PBXVariantGroup;
			children = (
				EEF55DEE1428F4DC00C4D9A8 /* en */,
			);
			name = MainWindow_iPad.xib;
			sourceTree = "<group>";
		};
		EEF55DFE1428F4DC00C4D9A8 /* InfoPlist.strings */ = {
			isa = PBXVariantGroup;
			children = (
				EEF55DFF1428F4DC00C4D9A8 /* en */,
			);
			name = InfoPlist.strings;
			sourceTree = "<group>";
		};
/* End PBXVariantGroup section */

/* Begin XCBuildConfiguration section */
		EEF55E061428F4DC00C4D9A8 /* Debug */ = {
			isa = XCBuildConfiguration;
			buildSettings = {
				ARCHS = "$(ARCHS_STANDARD_32_BIT)";
				"CODE_SIGN_IDENTITY[sdk=iphoneos*]" = "iPhone Developer";
				GCC_C_LANGUAGE_STANDARD = gnu99;
				GCC_OPTIMIZATION_LEVEL = 0;
				GCC_PREPROCESSOR_DEFINITIONS = DEBUG;
				GCC_SYMBOLS_PRIVATE_EXTERN = NO;
				GCC_VERSION = com.apple.compilers.llvmgcc42;
				GCC_WARN_ABOUT_RETURN_TYPE = YES;
				GCC_WARN_UNUSED_VARIABLE = YES;
				IPHONEOS_DEPLOYMENT_TARGET = 4.3;
				SDKROOT = iphoneos;
				TARGETED_DEVICE_FAMILY = "1,2";
			};
			name = Debug;
		};
		EEF55E071428F4DC00C4D9A8 /* Release */ = {
			isa = XCBuildConfiguration;
			buildSettings = {
				ARCHS = "$(ARCHS_STANDARD_32_BIT)";
				"CODE_SIGN_IDENTITY[sdk=iphoneos*]" = "iPhone Developer";
				GCC_C_LANGUAGE_STANDARD = gnu99;
				GCC_VERSION = com.apple.compilers.llvmgcc42;
				GCC_WARN_ABOUT_RETURN_TYPE = YES;
				GCC_WARN_UNUSED_VARIABLE = YES;
				IPHONEOS_DEPLOYMENT_TARGET = 4.3;
				OTHER_CFLAGS = "-DNS_BLOCK_ASSERTIONS=1";
				SDKROOT = iphoneos;
				TARGETED_DEVICE_FAMILY = "1,2";
			};
			name = Release;
		};
		EEF55E091428F4DC00C4D9A8 /* Debug */ = {
			isa = XCBuildConfiguration;
			buildSettings = {
				ALWAYS_SEARCH_USER_PATHS = NO;
				COPY_PHASE_STRIP = NO;
				GCC_DYNAMIC_NO_PIC = NO;
				GCC_PRECOMPILE_PREFIX_HEADER = YES;
				GCC_PREFIX_HEADER = "AUIAnimatedText/AUIAnimatedText-Prefix.pch";
				INFOPLIST_FILE = "AUIAnimatedText/AUIAnimatedText-Info.plist";
				PRODUCT_NAME = "$(TARGET_NAME)";
				WRAPPER_EXTENSION = app;
			};
			name = Debug;
		};
		EEF55E0A1428F4DC00C4D9A8 /* Release */ = {
			isa = XCBuildConfiguration;
			buildSettings = {
				ALWAYS_SEARCH_USER_PATHS = NO;
				COPY_PHASE_STRIP = YES;
				GCC_PRECOMPILE_PREFIX_HEADER = YES;
				GCC_PREFIX_HEADER = "AUIAnimatedText/AUIAnimatedText-Prefix.pch";
				INFOPLIST_FILE = "AUIAnimatedText/AUIAnimatedText-Info.plist";
				PRODUCT_NAME = "$(TARGET_NAME)";
				VALIDATE_PRODUCT = YES;
				WRAPPER_EXTENSION = app;
			};
			name = Release;
		};
		EEF55E0C1428F4DC00C4D9A8 /* Debug */ = {
			isa = XCBuildConfiguration;
			buildSettings = {
				ALWAYS_SEARCH_USER_PATHS = NO;
				BUNDLE_LOADER = "$(BUILT_PRODUCTS_DIR)/AUIAnimatedText.app/AUIAnimatedText";
				FRAMEWORK_SEARCH_PATHS = (
					"$(SDKROOT)/Developer/Library/Frameworks",
					"$(DEVELOPER_LIBRARY_DIR)/Frameworks",
				);
				GCC_PRECOMPILE_PREFIX_HEADER = YES;
				GCC_PREFIX_HEADER = "AUIAnimatedTextTests/AUIAnimatedTextTests-Prefix.pch";
				INFOPLIST_FILE = "AUIAnimatedTextTests/AUIAnimatedTextTests-Info.plist";
				OTHER_LDFLAGS = (
					"-framework",
					SenTestingKit,
				);
				PRODUCT_NAME = "$(TARGET_NAME)";
				TEST_HOST = "$(BUNDLE_LOADER)";
				WRAPPER_EXTENSION = octest;
			};
			name = Debug;
		};
		EEF55E0D1428F4DC00C4D9A8 /* Release */ = {
			isa = XCBuildConfiguration;
			buildSettings = {
				ALWAYS_SEARCH_USER_PATHS = NO;
				BUNDLE_LOADER = "$(BUILT_PRODUCTS_DIR)/AUIAnimatedText.app/AUIAnimatedText";
				FRAMEWORK_SEARCH_PATHS = (
					"$(SDKROOT)/Developer/Library/Frameworks",
					"$(DEVELOPER_LIBRARY_DIR)/Frameworks",
				);
				GCC_PRECOMPILE_PREFIX_HEADER = YES;
				GCC_PREFIX_HEADER = "AUIAnimatedTextTests/AUIAnimatedTextTests-Prefix.pch";
				INFOPLIST_FILE = "AUIAnimatedTextTests/AUIAnimatedTextTests-Info.plist";
				OTHER_LDFLAGS = (
					"-framework",
					SenTestingKit,
				);
				PRODUCT_NAME = "$(TARGET_NAME)";
				TEST_HOST = "$(BUNDLE_LOADER)";
				WRAPPER_EXTENSION = octest;
			};
			name = Release;
		};
/* End XCBuildConfiguration section */

/* Begin XCConfigurationList section */
		EEF55DC61428F4DC00C4D9A8 /* Build configuration list for PBXProject "AUIAnimatedText" */ = {
			isa = XCConfigurationList;
			buildConfigurations = (
				EEF55E061428F4DC00C4D9A8 /* Debug */,
				EEF55E071428F4DC00C4D9A8 /* Release */,
			);
			defaultConfigurationIsVisible = 0;
			defaultConfigurationName = Release;
		};
		EEF55E081428F4DC00C4D9A8 /* Build configuration list for PBXNativeTarget "AUIAnimatedText" */ = {
			isa = XCConfigurationList;
			buildConfigurations = (
				EEF55E091428F4DC00C4D9A8 /* Debug */,
				EEF55E0A1428F4DC00C4D9A8 /* Release */,
			);
			defaultConfigurationIsVisible = 0;
		};
		EEF55E0B1428F4DC00C4D9A8 /* Build configuration list for PBXNativeTarget "AUIAnimatedTextTests" */ = {
			isa = XCConfigurationList;
			buildConfigurations = (
				EEF55E0C1428F4DC00C4D9A8 /* Debug */,
				EEF55E0D1428F4DC00C4D9A8 /* Release */,
			);
			defaultConfigurationIsVisible = 0;
		};
/* End XCConfigurationList section */
	};
	rootObject = EEF55DC31428F4DC00C4D9A8 /* Project object */;
}
